
Microsoft Visual Studio Solution File, Format Version 12.00
# Visual Studio Version 17
VisualStudioVersion = 17.9.34723.18
MinimumVisualStudioVersion = 10.0.40219.1
Project("{FAE04EC0-301F-11D3-BF4B-00C04F79EFBC}") = "5.4", "5.4\5.4.csproj", "{FEA3C471-A7A4-4E85-94C3-D8187707967D}"
EndProject
Global
	GlobalSection(SolutionConfigurationPlatforms) = preSolution
		Debug|Any CPU = Debug|Any CPU
		Release|Any CPU = Release|Any CPU
	EndGlobalSection
	GlobalSection(ProjectConfigurationPlatforms) = postSolution
		{FEA3C471-A7A4-4E85-94C3-D8187707967D}.Debug|Any CPU.ActiveCfg = Debug|Any CPU
		{FEA3C471-A7A4-4E85-94C3-D8187707967D}.Debug|Any CPU.Build.0 = Debug|Any CPU
		{FEA3C471-A7A4-4E85-94C3-D8187707967D}.Release|Any CPU.ActiveCfg = Release|Any CPU
		{FEA3C471-A7A4-4E85-94C3-D8187707967D}.Release|Any CPU.Build.0 = Release|Any CPU
	EndGlobalSection
	GlobalSection(SolutionProperties) = preSolution
		HideSolutionNode = FALSE
	EndGlobalSection
	GlobalSection(ExtensibilityGlobals) = postSolution
		SolutionGuid = {CB134911-D804-460A-9B0C-3878800589A6}
	EndGlobalSection
EndGlobal
